
Microsoft Visual Studio Solution File, Format Version 12.00
# Visual Studio 15
VisualStudioVersion = 15.0.28307.572
MinimumVisualStudioVersion = 10.0.40219.1
Project("{FAE04EC0-301F-11D3-BF4B-00C04F79EFBC}") = "KURSOVAYA", "KURSOVAYA\KURSOVAYA.csproj", "{2BBBF8C0-3C03-4445-A0A9-6E0F90BBC6A4}"
EndProject
Global
	GlobalSection(SolutionConfigurationPlatforms) = preSolution
		Debug|Any CPU = Debug|Any CPU
		Release|Any CPU = Release|Any CPU
	EndGlobalSection
	GlobalSection(ProjectConfigurationPlatforms) = postSolution
		{2BBBF8C0-3C03-4445-A0A9-6E0F90BBC6A4}.Debug|Any CPU.ActiveCfg = Debug|Any CPU
		{2BBBF8C0-3C03-4445-A0A9-6E0F90BBC6A4}.Debug|Any CPU.Build.0 = Debug|Any CPU
		{2BBBF8C0-3C03-4445-A0A9-6E0F90BBC6A4}.Release|Any CPU.ActiveCfg = Release|Any CPU
		{2BBBF8C0-3C03-4445-A0A9-6E0F90BBC6A4}.Release|Any CPU.Build.0 = Release|Any CPU
	EndGlobalSection
	GlobalSection(SolutionProperties) = preSolution
		HideSolutionNode = FALSE
	EndGlobalSection
	GlobalSection(ExtensibilityGlobals) = postSolution
		SolutionGuid = {4AE234E8-7276-4A9A-87B1-88683A41724A}
	EndGlobalSection
EndGlobal
